
Microsoft Visual Studio Solution File, Format Version 12.00
Project("{FAE04EC0-301F-11D3-BF4B-00C04F79EFBC}") = "ProcessorSimulator", "ProcessorSimulator.csproj", "{F0754C38-4350-4396-8153-19C2F8D258E8}"
EndProject
Global
	GlobalSection(SolutionConfigurationPlatforms) = preSolution
		Debug|Any CPU = Debug|Any CPU
		Release|Any CPU = Release|Any CPU
	EndGlobalSection
	GlobalSection(ProjectConfigurationPlatforms) = postSolution
		{F0754C38-4350-4396-8153-19C2F8D258E8}.Debug|Any CPU.ActiveCfg = Debug|Any CPU
		{F0754C38-4350-4396-8153-19C2F8D258E8}.Debug|Any CPU.Build.0 = Debug|Any CPU
		{F0754C38-4350-4396-8153-19C2F8D258E8}.Release|Any CPU.ActiveCfg = Release|Any CPU
		{F0754C38-4350-4396-8153-19C2F8D258E8}.Release|Any CPU.Build.0 = Release|Any CPU
	EndGlobalSection
EndGlobal
